// !$*UTF8*$!
{
	archiveVersion = 1;
	classes = {
	};
	objectVersion = 48;
	objects = {

/* Begin PBXBuildFile section */
		024C9A002077FA8300227D13 /* AppDelegate.swift in Sources */ = {isa = PBXBuildFile; fileRef = 024C99FF2077FA8300227D13 /* AppDelegate.swift */; };
		024C9A052077FA8300227D13 /* Main.storyboard in Resources */ = {isa = PBXBuildFile; fileRef = 024C9A032077FA8300227D13 /* Main.storyboard */; };
		024C9A072077FA8300227D13 /* Assets.xcassets in Resources */ = {isa = PBXBuildFile; fileRef = 024C9A062077FA8300227D13 /* Assets.xcassets */; };
		024C9A0A2077FA8300227D13 /* LaunchScreen.storyboard in Resources */ = {isa = PBXBuildFile; fileRef = 024C9A082077FA8300227D13 /* LaunchScreen.storyboard */; };
		024C9A152077FA8300227D13 /* SharEatsTests.swift in Sources */ = {isa = PBXBuildFile; fileRef = 024C9A142077FA8300227D13 /* SharEatsTests.swift */; };
		024C9A202077FA8400227D13 /* SharEatsUITests.swift in Sources */ = {isa = PBXBuildFile; fileRef = 024C9A1F2077FA8400227D13 /* SharEatsUITests.swift */; };
		02AD0E2D20D5CA3700FC80F1 /* MenuVC.swift in Sources */ = {isa = PBXBuildFile; fileRef = 02AD0E2C20D5CA3700FC80F1 /* MenuVC.swift */; };
		02BA1C5E20F1A79400B8115E /* MenuItemCell.swift in Sources */ = {isa = PBXBuildFile; fileRef = 02BA1C5D20F1A79400B8115E /* MenuItemCell.swift */; };
		02BA1C6020F1ACCA00B8115E /* MenuItemPage.storyboard in Resources */ = {isa = PBXBuildFile; fileRef = 02BA1C5F20F1ACCA00B8115E /* MenuItemPage.storyboard */; };
		02BA1C6220F1AD7300B8115E /* MenuItemPageVC.swift in Sources */ = {isa = PBXBuildFile; fileRef = 02BA1C6120F1AD7300B8115E /* MenuItemPageVC.swift */; };
		02BAFECE20F026E400E991FF /* SignUpVC.swift in Sources */ = {isa = PBXBuildFile; fileRef = 02BAFECD20F026E400E991FF /* SignUpVC.swift */; };
		02BAFED020F02E0200E991FF /* Menu.swift in Sources */ = {isa = PBXBuildFile; fileRef = 02BAFECF20F02E0200E991FF /* Menu.swift */; };
		02BCF991211169B80031ACC1 /* StripeAPIClient.swift in Sources */ = {isa = PBXBuildFile; fileRef = 02BCF990211169B80031ACC1 /* StripeAPIClient.swift */; };
		02BD829E20AAE11C00B504D0 /* SearchVC.swift in Sources */ = {isa = PBXBuildFile; fileRef = 02BD829D20AAE11C00B504D0 /* SearchVC.swift */; };
		02BD82A120AAE50B00B504D0 /* Restaurant.swift in Sources */ = {isa = PBXBuildFile; fileRef = 02BD82A020AAE50B00B504D0 /* Restaurant.swift */; };
		02F0C05520E05A740021922D /* HelperFunctions.swift in Sources */ = {isa = PBXBuildFile; fileRef = 02F0C05420E05A740021922D /* HelperFunctions.swift */; };
		02F2413120891F8900743FFD /* TabBar.storyboard in Resources */ = {isa = PBXBuildFile; fileRef = 02F2413020891F8900743FFD /* TabBar.storyboard */; };
		02F2413320891FDE00743FFD /* Search.storyboard in Resources */ = {isa = PBXBuildFile; fileRef = 02F2413220891FDE00743FFD /* Search.storyboard */; };
		02F241352089200800743FFD /* Menu.storyboard in Resources */ = {isa = PBXBuildFile; fileRef = 02F241342089200800743FFD /* Menu.storyboard */; };
		02F241372089201D00743FFD /* Service.storyboard in Resources */ = {isa = PBXBuildFile; fileRef = 02F241362089201D00743FFD /* Service.storyboard */; };
		02F241392089202800743FFD /* Payment.storyboard in Resources */ = {isa = PBXBuildFile; fileRef = 02F241382089202800743FFD /* Payment.storyboard */; };
		02F2413B2089203700743FFD /* Profile.storyboard in Resources */ = {isa = PBXBuildFile; fileRef = 02F2413A2089203700743FFD /* Profile.storyboard */; };
		02F2413D2089226F00743FFD /* MainVC.swift in Sources */ = {isa = PBXBuildFile; fileRef = 02F2413C2089226F00743FFD /* MainVC.swift */; };
		02FD64C521101247003A0C2A /* PaymentVC.swift in Sources */ = {isa = PBXBuildFile; fileRef = 02FD64C421101247003A0C2A /* PaymentVC.swift */; };
		02FD64C721101A31003A0C2A /* MockCustomerContext.swift in Sources */ = {isa = PBXBuildFile; fileRef = 02FD64C621101A31003A0C2A /* MockCustomerContext.swift */; };
		876224B78E89DB0B72D44BEF /* Pods_SharEats_SharEatsTests.framework in Frameworks */ = {isa = PBXBuildFile; fileRef = 8F3A7599CB88783F6BD8EECF /* Pods_SharEats_SharEatsTests.framework */; };
		9561CA06E58776FC045FA800 /* Pods_SharEats.framework in Frameworks */ = {isa = PBXBuildFile; fileRef = DE21A73B55224535C1C0AAA6 /* Pods_SharEats.framework */; };
		A21843DE214917540095D317 /* RestaurantTableViewCell.swift in Sources */ = {isa = PBXBuildFile; fileRef = A21843DD214917540095D317 /* RestaurantTableViewCell.swift */; };
		A251A7FF213D1C3700AF1D52 /* RestaurantsVC.swift in Sources */ = {isa = PBXBuildFile; fileRef = A251A7FE213D1C3700AF1D52 /* RestaurantsVC.swift */; };
		A25B49402183084800CD3E1A /* SlideTableViewController.swift in Sources */ = {isa = PBXBuildFile; fileRef = A25B493F2183084800CD3E1A /* SlideTableViewController.swift */; };
		A2B482DC21854BE50069579A /* CheckViewController.swift in Sources */ = {isa = PBXBuildFile; fileRef = A2B482DB21854BE40069579A /* CheckViewController.swift */; };
		A2B482DE2185BB7F0069579A /* Order.swift in Sources */ = {isa = PBXBuildFile; fileRef = A2B482DD2185BB7F0069579A /* Order.swift */; };
		A2D02C632148CB7E009BEA95 /* ProfileVC.swift in Sources */ = {isa = PBXBuildFile; fileRef = A2D02C622148CB7E009BEA95 /* ProfileVC.swift */; };
		A2D02C652148E112009BEA95 /* User.swift in Sources */ = {isa = PBXBuildFile; fileRef = A2D02C642148E112009BEA95 /* User.swift */; };
		A2F9DD0621D1115300F66FB7 /* Buyer.swift in Sources */ = {isa = PBXBuildFile; fileRef = A2F9DD0521D1115300F66FB7 /* Buyer.swift */; };
		A2F9F4AC218858F400C99B13 /* CheckTableViewCell.swift in Sources */ = {isa = PBXBuildFile; fileRef = A2F9F4AB218858F400C99B13 /* CheckTableViewCell.swift */; };
		A2FA0A2F21E738EA0079B550 /* ConfirmationViewController.swift in Sources */ = {isa = PBXBuildFile; fileRef = A2FA0A2E21E738EA0079B550 /* ConfirmationViewController.swift */; };
		A2FF5D5721A1053F00CF871C /* PushNoAnimationSegue.swift in Sources */ = {isa = PBXBuildFile; fileRef = A2FF5D5621A1053F00CF871C /* PushNoAnimationSegue.swift */; };
		A3270CB3AC1B592B6437A08D /* Pods_SharEatsUITests.framework in Frameworks */ = {isa = PBXBuildFile; fileRef = D1DA055B125F7D992F0B7C5B /* Pods_SharEatsUITests.framework */; };
		A97C2E4F6957735734D1CA87 /* Pods_SharEats_SharEatsUITests.framework in Frameworks */ = {isa = PBXBuildFile; fileRef = DF5A5AC915417311748DD672 /* Pods_SharEats_SharEatsUITests.framework */; };
		D7CD774A5D8DA335FEC8FE7A /* Pods_SharEatsTests.framework in Frameworks */ = {isa = PBXBuildFile; fileRef = 7D0DC3EA1F1D8F58AF66DEDA /* Pods_SharEatsTests.framework */; };
/* End PBXBuildFile section */

/* Begin PBXContainerItemProxy section */
		024C9A112077FA8300227D13 /* PBXContainerItemProxy */ = {
			isa = PBXContainerItemProxy;
			containerPortal = 024C99F42077FA8300227D13 /* Project object */;
			proxyType = 1;
			remoteGlobalIDString = 024C99FB2077FA8300227D13;
			remoteInfo = SharEats;
		};
		024C9A1C2077FA8400227D13 /* PBXContainerItemProxy */ = {
			isa = PBXContainerItemProxy;
			containerPortal = 024C99F42077FA8300227D13 /* Project object */;
			proxyType = 1;
			remoteGlobalIDString = 024C99FB2077FA8300227D13;
			remoteInfo = SharEats;
		};
/* End PBXContainerItemProxy section */

/* Begin PBXFileReference section */
		024C99FC2077FA8300227D13 /* Shareat.app */ = {isa = PBXFileReference; explicitFileType = wrapper.application; includeInIndex = 0; path = Shareat.app; sourceTree = BUILT_PRODUCTS_DIR; };
		024C99FF2077FA8300227D13 /* AppDelegate.swift */ = {isa = PBXFileReference; lastKnownFileType = sourcecode.swift; path = AppDelegate.swift; sourceTree = "<group>"; };
		024C9A042077FA8300227D13 /* Base */ = {isa = PBXFileReference; lastKnownFileType = file.storyboard; name = Base; path = Base.lproj/Main.storyboard; sourceTree = "<group>"; };
		024C9A062077FA8300227D13 /* Assets.xcassets */ = {isa = PBXFileReference; lastKnownFileType = folder.assetcatalog; path = Assets.xcassets; sourceTree = "<group>"; };
		024C9A092077FA8300227D13 /* Base */ = {isa = PBXFileReference; lastKnownFileType = file.storyboard; name = Base; path = Base.lproj/LaunchScreen.storyboard; sourceTree = "<group>"; };
		024C9A0B2077FA8300227D13 /* Info.plist */ = {isa = PBXFileReference; lastKnownFileType = text.plist.xml; path = Info.plist; sourceTree = "<group>"; };
		024C9A102077FA8300227D13 /* ShareatTests.xctest */ = {isa = PBXFileReference; explicitFileType = wrapper.cfbundle; includeInIndex = 0; path = ShareatTests.xctest; sourceTree = BUILT_PRODUCTS_DIR; };
		024C9A142077FA8300227D13 /* SharEatsTests.swift */ = {isa = PBXFileReference; lastKnownFileType = sourcecode.swift; path = SharEatsTests.swift; sourceTree = "<group>"; };
		024C9A162077FA8300227D13 /* Info.plist */ = {isa = PBXFileReference; lastKnownFileType = text.plist.xml; path = Info.plist; sourceTree = "<group>"; };
		024C9A1B2077FA8400227D13 /* ShareatUITests.xctest */ = {isa = PBXFileReference; explicitFileType = wrapper.cfbundle; includeInIndex = 0; path = ShareatUITests.xctest; sourceTree = BUILT_PRODUCTS_DIR; };
		024C9A1F2077FA8400227D13 /* SharEatsUITests.swift */ = {isa = PBXFileReference; lastKnownFileType = sourcecode.swift; path = SharEatsUITests.swift; sourceTree = "<group>"; };
		024C9A212077FA8400227D13 /* Info.plist */ = {isa = PBXFileReference; lastKnownFileType = text.plist.xml; path = Info.plist; sourceTree = "<group>"; };
		02AD0E2C20D5CA3700FC80F1 /* MenuVC.swift */ = {isa = PBXFileReference; lastKnownFileType = sourcecode.swift; path = MenuVC.swift; sourceTree = "<group>"; };
		02BA1C5D20F1A79400B8115E /* MenuItemCell.swift */ = {isa = PBXFileReference; lastKnownFileType = sourcecode.swift; path = MenuItemCell.swift; sourceTree = "<group>"; };
		02BA1C5F20F1ACCA00B8115E /* MenuItemPage.storyboard */ = {isa = PBXFileReference; lastKnownFileType = file.storyboard; path = MenuItemPage.storyboard; sourceTree = "<group>"; };
		02BA1C6120F1AD7300B8115E /* MenuItemPageVC.swift */ = {isa = PBXFileReference; lastKnownFileType = sourcecode.swift; path = MenuItemPageVC.swift; sourceTree = "<group>"; };
		02BAFECD20F026E400E991FF /* SignUpVC.swift */ = {isa = PBXFileReference; lastKnownFileType = sourcecode.swift; path = SignUpVC.swift; sourceTree = "<group>"; };
		02BAFECF20F02E0200E991FF /* Menu.swift */ = {isa = PBXFileReference; lastKnownFileType = sourcecode.swift; path = Menu.swift; sourceTree = "<group>"; };
		02BCF990211169B80031ACC1 /* StripeAPIClient.swift */ = {isa = PBXFileReference; lastKnownFileType = sourcecode.swift; path = StripeAPIClient.swift; sourceTree = "<group>"; };
		02BD829D20AAE11C00B504D0 /* SearchVC.swift */ = {isa = PBXFileReference; lastKnownFileType = sourcecode.swift; path = SearchVC.swift; sourceTree = "<group>"; };
		02BD82A020AAE50B00B504D0 /* Restaurant.swift */ = {isa = PBXFileReference; lastKnownFileType = sourcecode.swift; path = Restaurant.swift; sourceTree = "<group>"; };
		02F0C05420E05A740021922D /* HelperFunctions.swift */ = {isa = PBXFileReference; lastKnownFileType = sourcecode.swift; path = HelperFunctions.swift; sourceTree = "<group>"; };
		02F2413020891F8900743FFD /* TabBar.storyboard */ = {isa = PBXFileReference; lastKnownFileType = file.storyboard; path = TabBar.storyboard; sourceTree = "<group>"; };
		02F2413220891FDE00743FFD /* Search.storyboard */ = {isa = PBXFileReference; lastKnownFileType = file.storyboard; path = Search.storyboard; sourceTree = "<group>"; };
		02F241342089200800743FFD /* Menu.storyboard */ = {isa = PBXFileReference; lastKnownFileType = file.storyboard; path = Menu.storyboard; sourceTree = "<group>"; };
		02F241362089201D00743FFD /* Service.storyboard */ = {isa = PBXFileReference; lastKnownFileType = file.storyboard; path = Service.storyboard; sourceTree = "<group>"; };
		02F241382089202800743FFD /* Payment.storyboard */ = {isa = PBXFileReference; lastKnownFileType = file.storyboard; path = Payment.storyboard; sourceTree = "<group>"; };
		02F2413A2089203700743FFD /* Profile.storyboard */ = {isa = PBXFileReference; lastKnownFileType = file.storyboard; path = Profile.storyboard; sourceTree = "<group>"; };
		02F2413C2089226F00743FFD /* MainVC.swift */ = {isa = PBXFileReference; lastKnownFileType = sourcecode.swift; path = MainVC.swift; sourceTree = "<group>"; };
		02FD64C421101247003A0C2A /* PaymentVC.swift */ = {isa = PBXFileReference; lastKnownFileType = sourcecode.swift; path = PaymentVC.swift; sourceTree = "<group>"; };
		02FD64C621101A31003A0C2A /* MockCustomerContext.swift */ = {isa = PBXFileReference; lastKnownFileType = sourcecode.swift; path = MockCustomerContext.swift; sourceTree = "<group>"; };
		123D9C7432249D547F78226D /* Pods-SharEats.debug.xcconfig */ = {isa = PBXFileReference; includeInIndex = 1; lastKnownFileType = text.xcconfig; name = "Pods-SharEats.debug.xcconfig"; path = "Pods/Target Support Files/Pods-SharEats/Pods-SharEats.debug.xcconfig"; sourceTree = "<group>"; };
		12F4DECCEC4D860ABA669ACA /* Pods-SharEats.release.xcconfig */ = {isa = PBXFileReference; includeInIndex = 1; lastKnownFileType = text.xcconfig; name = "Pods-SharEats.release.xcconfig"; path = "Pods/Target Support Files/Pods-SharEats/Pods-SharEats.release.xcconfig"; sourceTree = "<group>"; };
		1E7400B8BCCD9B2B2D447E05 /* Pods-SharEatsTests.debug.xcconfig */ = {isa = PBXFileReference; includeInIndex = 1; lastKnownFileType = text.xcconfig; name = "Pods-SharEatsTests.debug.xcconfig"; path = "Pods/Target Support Files/Pods-SharEatsTests/Pods-SharEatsTests.debug.xcconfig"; sourceTree = "<group>"; };
		2431D91B56422C4A4411023E /* Pods-SharEats-SharEatsUITests.debug.xcconfig */ = {isa = PBXFileReference; includeInIndex = 1; lastKnownFileType = text.xcconfig; name = "Pods-SharEats-SharEatsUITests.debug.xcconfig"; path = "Pods/Target Support Files/Pods-SharEats-SharEatsUITests/Pods-SharEats-SharEatsUITests.debug.xcconfig"; sourceTree = "<group>"; };
		66370E23225FC8B83D906C04 /* Pods-SharEats-SharEatsTests.release.xcconfig */ = {isa = PBXFileReference; includeInIndex = 1; lastKnownFileType = text.xcconfig; name = "Pods-SharEats-SharEatsTests.release.xcconfig"; path = "Pods/Target Support Files/Pods-SharEats-SharEatsTests/Pods-SharEats-SharEatsTests.release.xcconfig"; sourceTree = "<group>"; };
		7D0DC3EA1F1D8F58AF66DEDA /* Pods_SharEatsTests.framework */ = {isa = PBXFileReference; explicitFileType = wrapper.framework; includeInIndex = 0; path = Pods_SharEatsTests.framework; sourceTree = BUILT_PRODUCTS_DIR; };
		8F3A7599CB88783F6BD8EECF /* Pods_SharEats_SharEatsTests.framework */ = {isa = PBXFileReference; explicitFileType = wrapper.framework; includeInIndex = 0; path = Pods_SharEats_SharEatsTests.framework; sourceTree = BUILT_PRODUCTS_DIR; };
		A0587E91592074CF65F7B475 /* Pods-SharEats-SharEatsUITests.release.xcconfig */ = {isa = PBXFileReference; includeInIndex = 1; lastKnownFileType = text.xcconfig; name = "Pods-SharEats-SharEatsUITests.release.xcconfig"; path = "Pods/Target Support Files/Pods-SharEats-SharEatsUITests/Pods-SharEats-SharEatsUITests.release.xcconfig"; sourceTree = "<group>"; };
		A21843DD214917540095D317 /* RestaurantTableViewCell.swift */ = {isa = PBXFileReference; lastKnownFileType = sourcecode.swift; path = RestaurantTableViewCell.swift; sourceTree = "<group>"; };
		A251A7FE213D1C3700AF1D52 /* RestaurantsVC.swift */ = {isa = PBXFileReference; lastKnownFileType = sourcecode.swift; path = RestaurantsVC.swift; sourceTree = "<group>"; };
		A25B493F2183084800CD3E1A /* SlideTableViewController.swift */ = {isa = PBXFileReference; lastKnownFileType = sourcecode.swift; path = SlideTableViewController.swift; sourceTree = "<group>"; };
		A2B482DB21854BE40069579A /* CheckViewController.swift */ = {isa = PBXFileReference; lastKnownFileType = sourcecode.swift; path = CheckViewController.swift; sourceTree = "<group>"; };
		A2B482DD2185BB7F0069579A /* Order.swift */ = {isa = PBXFileReference; lastKnownFileType = sourcecode.swift; path = Order.swift; sourceTree = "<group>"; };
		A2D02C622148CB7E009BEA95 /* ProfileVC.swift */ = {isa = PBXFileReference; lastKnownFileType = sourcecode.swift; path = ProfileVC.swift; sourceTree = "<group>"; };
		A2D02C642148E112009BEA95 /* User.swift */ = {isa = PBXFileReference; lastKnownFileType = sourcecode.swift; path = User.swift; sourceTree = "<group>"; };
		A2F9DD0521D1115300F66FB7 /* Buyer.swift */ = {isa = PBXFileReference; lastKnownFileType = sourcecode.swift; path = Buyer.swift; sourceTree = "<group>"; };
		A2F9F4AB218858F400C99B13 /* CheckTableViewCell.swift */ = {isa = PBXFileReference; lastKnownFileType = sourcecode.swift; path = CheckTableViewCell.swift; sourceTree = "<group>"; };
		A2FA0A2E21E738EA0079B550 /* ConfirmationViewController.swift */ = {isa = PBXFileReference; lastKnownFileType = sourcecode.swift; path = ConfirmationViewController.swift; sourceTree = "<group>"; };
		A2FF5D5621A1053F00CF871C /* PushNoAnimationSegue.swift */ = {isa = PBXFileReference; lastKnownFileType = sourcecode.swift; path = PushNoAnimationSegue.swift; sourceTree = "<group>"; };
		C762A5ABDDF6B315B2D48DF2 /* Pods-SharEats-SharEatsTests.debug.xcconfig */ = {isa = PBXFileReference; includeInIndex = 1; lastKnownFileType = text.xcconfig; name = "Pods-SharEats-SharEatsTests.debug.xcconfig"; path = "Pods/Target Support Files/Pods-SharEats-SharEatsTests/Pods-SharEats-SharEatsTests.debug.xcconfig"; sourceTree = "<group>"; };
		D1DA055B125F7D992F0B7C5B /* Pods_SharEatsUITests.framework */ = {isa = PBXFileReference; explicitFileType = wrapper.framework; includeInIndex = 0; path = Pods_SharEatsUITests.framework; sourceTree = BUILT_PRODUCTS_DIR; };
		D8E9450481EB5AB2E90E1151 /* Pods-SharEatsUITests.release.xcconfig */ = {isa = PBXFileReference; includeInIndex = 1; lastKnownFileType = text.xcconfig; name = "Pods-SharEatsUITests.release.xcconfig"; path = "Pods/Target Support Files/Pods-SharEatsUITests/Pods-SharEatsUITests.release.xcconfig"; sourceTree = "<group>"; };
		DE21A73B55224535C1C0AAA6 /* Pods_SharEats.framework */ = {isa = PBXFileReference; explicitFileType = wrapper.framework; includeInIndex = 0; path = Pods_SharEats.framework; sourceTree = BUILT_PRODUCTS_DIR; };
		DF5A5AC915417311748DD672 /* Pods_SharEats_SharEatsUITests.framework */ = {isa = PBXFileReference; explicitFileType = wrapper.framework; includeInIndex = 0; path = Pods_SharEats_SharEatsUITests.framework; sourceTree = BUILT_PRODUCTS_DIR; };
		F48FEFBA4169CA49C58F650D /* Pods-SharEatsUITests.debug.xcconfig */ = {isa = PBXFileReference; includeInIndex = 1; lastKnownFileType = text.xcconfig; name = "Pods-SharEatsUITests.debug.xcconfig"; path = "Pods/Target Support Files/Pods-SharEatsUITests/Pods-SharEatsUITests.debug.xcconfig"; sourceTree = "<group>"; };
		FFEF2C235693467FCC8D6E1B /* Pods-SharEatsTests.release.xcconfig */ = {isa = PBXFileReference; includeInIndex = 1; lastKnownFileType = text.xcconfig; name = "Pods-SharEatsTests.release.xcconfig"; path = "Pods/Target Support Files/Pods-SharEatsTests/Pods-SharEatsTests.release.xcconfig"; sourceTree = "<group>"; };
/* End PBXFileReference section */

/* Begin PBXFrameworksBuildPhase section */
		024C99F92077FA8300227D13 /* Frameworks */ = {
			isa = PBXFrameworksBuildPhase;
			buildActionMask = 2147483647;
			files = (
				9561CA06E58776FC045FA800 /* Pods_SharEats.framework in Frameworks */,
			);
			runOnlyForDeploymentPostprocessing = 0;
		};
		024C9A0D2077FA8300227D13 /* Frameworks */ = {
			isa = PBXFrameworksBuildPhase;
			buildActionMask = 2147483647;
			files = (
				D7CD774A5D8DA335FEC8FE7A /* Pods_SharEatsTests.framework in Frameworks */,
				876224B78E89DB0B72D44BEF /* Pods_SharEats_SharEatsTests.framework in Frameworks */,
			);
			runOnlyForDeploymentPostprocessing = 0;
		};
		024C9A182077FA8400227D13 /* Frameworks */ = {
			isa = PBXFrameworksBuildPhase;
			buildActionMask = 2147483647;
			files = (
				A3270CB3AC1B592B6437A08D /* Pods_SharEatsUITests.framework in Frameworks */,
				A97C2E4F6957735734D1CA87 /* Pods_SharEats_SharEatsUITests.framework in Frameworks */,
			);
			runOnlyForDeploymentPostprocessing = 0;
		};
/* End PBXFrameworksBuildPhase section */

/* Begin PBXGroup section */
		024C99F32077FA8300227D13 = {
			isa = PBXGroup;
			children = (
				024C99FE2077FA8300227D13 /* SharEats */,
				024C9A132077FA8300227D13 /* SharEatsTests */,
				024C9A1E2077FA8400227D13 /* SharEatsUITests */,
				024C99FD2077FA8300227D13 /* Products */,
				3398E67DCB916C0BD9BF5E79 /* Pods */,
				EDA38555AC3654ECEDEC671E /* Frameworks */,
			);
			sourceTree = "<group>";
		};
		024C99FD2077FA8300227D13 /* Products */ = {
			isa = PBXGroup;
			children = (
				024C99FC2077FA8300227D13 /* Shareat.app */,
				024C9A102077FA8300227D13 /* ShareatTests.xctest */,
				024C9A1B2077FA8400227D13 /* ShareatUITests.xctest */,
			);
			name = Products;
			sourceTree = "<group>";
		};
		024C99FE2077FA8300227D13 /* SharEats */ = {
			isa = PBXGroup;
			children = (
				02BD829F20AAE4F400B504D0 /* Model */,
				024C9A2E2077FC3E00227D13 /* Others */,
				024C9A2F2077FC5100227D13 /* ViewControllers */,
				024C9A2D2077FBE500227D13 /* Storyboard */,
				024C9A0B2077FA8300227D13 /* Info.plist */,
			);
			path = SharEats;
			sourceTree = "<group>";
		};
		024C9A132077FA8300227D13 /* SharEatsTests */ = {
			isa = PBXGroup;
			children = (
				024C9A142077FA8300227D13 /* SharEatsTests.swift */,
				024C9A162077FA8300227D13 /* Info.plist */,
			);
			path = SharEatsTests;
			sourceTree = "<group>";
		};
		024C9A1E2077FA8400227D13 /* SharEatsUITests */ = {
			isa = PBXGroup;
			children = (
				024C9A1F2077FA8400227D13 /* SharEatsUITests.swift */,
				024C9A212077FA8400227D13 /* Info.plist */,
			);
			path = SharEatsUITests;
			sourceTree = "<group>";
		};
		024C9A2D2077FBE500227D13 /* Storyboard */ = {
			isa = PBXGroup;
			children = (
				024C9A082077FA8300227D13 /* LaunchScreen.storyboard */,
				024C9A032077FA8300227D13 /* Main.storyboard */,
				02F2413020891F8900743FFD /* TabBar.storyboard */,
				02F2413220891FDE00743FFD /* Search.storyboard */,
				02F241342089200800743FFD /* Menu.storyboard */,
				02F241362089201D00743FFD /* Service.storyboard */,
				02F2413A2089203700743FFD /* Profile.storyboard */,
				02F241382089202800743FFD /* Payment.storyboard */,
				02BA1C5F20F1ACCA00B8115E /* MenuItemPage.storyboard */,
			);
			name = Storyboard;
			sourceTree = "<group>";
		};
		024C9A2E2077FC3E00227D13 /* Others */ = {
			isa = PBXGroup;
			children = (
				024C99FF2077FA8300227D13 /* AppDelegate.swift */,
				024C9A062077FA8300227D13 /* Assets.xcassets */,
				A2FF5D5621A1053F00CF871C /* PushNoAnimationSegue.swift */,
			);
			name = Others;
			sourceTree = "<group>";
		};
		024C9A2F2077FC5100227D13 /* ViewControllers */ = {
			isa = PBXGroup;
			children = (
				02FD64C421101247003A0C2A /* PaymentVC.swift */,
				02F2413C2089226F00743FFD /* MainVC.swift */,
				02BD829D20AAE11C00B504D0 /* SearchVC.swift */,
				02AD0E2C20D5CA3700FC80F1 /* MenuVC.swift */,
				02BAFECD20F026E400E991FF /* SignUpVC.swift */,
				02BA1C6120F1AD7300B8115E /* MenuItemPageVC.swift */,
				A251A7FE213D1C3700AF1D52 /* RestaurantsVC.swift */,
				A2D02C622148CB7E009BEA95 /* ProfileVC.swift */,
				A21843DD214917540095D317 /* RestaurantTableViewCell.swift */,
				A25B493F2183084800CD3E1A /* SlideTableViewController.swift */,
				A2B482DB21854BE40069579A /* CheckViewController.swift */,
				A2F9F4AB218858F400C99B13 /* CheckTableViewCell.swift */,
				A2FA0A2E21E738EA0079B550 /* ConfirmationViewController.swift */,
			);
			name = ViewControllers;
			sourceTree = "<group>";
		};
		02BD829F20AAE4F400B504D0 /* Model */ = {
			isa = PBXGroup;
			children = (
				02BD82A020AAE50B00B504D0 /* Restaurant.swift */,
				02F0C05420E05A740021922D /* HelperFunctions.swift */,
				02BAFECF20F02E0200E991FF /* Menu.swift */,
				02BA1C5D20F1A79400B8115E /* MenuItemCell.swift */,
				02FD64C621101A31003A0C2A /* MockCustomerContext.swift */,
				02BCF990211169B80031ACC1 /* StripeAPIClient.swift */,
				A2D02C642148E112009BEA95 /* User.swift */,
				A2B482DD2185BB7F0069579A /* Order.swift */,
				A2F9DD0521D1115300F66FB7 /* Buyer.swift */,
			);
			name = Model;
			sourceTree = "<group>";
		};
		3398E67DCB916C0BD9BF5E79 /* Pods */ = {
			isa = PBXGroup;
			children = (
				123D9C7432249D547F78226D /* Pods-SharEats.debug.xcconfig */,
				12F4DECCEC4D860ABA669ACA /* Pods-SharEats.release.xcconfig */,
				1E7400B8BCCD9B2B2D447E05 /* Pods-SharEatsTests.debug.xcconfig */,
				FFEF2C235693467FCC8D6E1B /* Pods-SharEatsTests.release.xcconfig */,
				F48FEFBA4169CA49C58F650D /* Pods-SharEatsUITests.debug.xcconfig */,
				D8E9450481EB5AB2E90E1151 /* Pods-SharEatsUITests.release.xcconfig */,
				C762A5ABDDF6B315B2D48DF2 /* Pods-SharEats-SharEatsTests.debug.xcconfig */,
				66370E23225FC8B83D906C04 /* Pods-SharEats-SharEatsTests.release.xcconfig */,
				2431D91B56422C4A4411023E /* Pods-SharEats-SharEatsUITests.debug.xcconfig */,
				A0587E91592074CF65F7B475 /* Pods-SharEats-SharEatsUITests.release.xcconfig */,
			);
			name = Pods;
			sourceTree = "<group>";
		};
		EDA38555AC3654ECEDEC671E /* Frameworks */ = {
			isa = PBXGroup;
			children = (
				DE21A73B55224535C1C0AAA6 /* Pods_SharEats.framework */,
				7D0DC3EA1F1D8F58AF66DEDA /* Pods_SharEatsTests.framework */,
				D1DA055B125F7D992F0B7C5B /* Pods_SharEatsUITests.framework */,
				8F3A7599CB88783F6BD8EECF /* Pods_SharEats_SharEatsTests.framework */,
				DF5A5AC915417311748DD672 /* Pods_SharEats_SharEatsUITests.framework */,
			);
			name = Frameworks;
			sourceTree = "<group>";
		};
/* End PBXGroup section */

/* Begin PBXNativeTarget section */
		024C99FB2077FA8300227D13 /* Shareat */ = {
			isa = PBXNativeTarget;
			buildConfigurationList = 024C9A242077FA8400227D13 /* Build configuration list for PBXNativeTarget "Shareat" */;
			buildPhases = (
				36BD7ECC45948E9D086388B9 /* [CP] Check Pods Manifest.lock */,
				024C99F82077FA8300227D13 /* Sources */,
				024C99F92077FA8300227D13 /* Frameworks */,
				024C99FA2077FA8300227D13 /* Resources */,
				C63BC6F1608BBB926B28B200 /* [CP] Embed Pods Frameworks */,
			);
			buildRules = (
			);
			dependencies = (
			);
			name = Shareat;
			productName = SharEats;
			productReference = 024C99FC2077FA8300227D13 /* Shareat.app */;
			productType = "com.apple.product-type.application";
		};
		024C9A0F2077FA8300227D13 /* ShareatTests */ = {
			isa = PBXNativeTarget;
			buildConfigurationList = 024C9A272077FA8400227D13 /* Build configuration list for PBXNativeTarget "ShareatTests" */;
			buildPhases = (
				4170C97521E8A6425EDA2F70 /* [CP] Check Pods Manifest.lock */,
				024C9A0C2077FA8300227D13 /* Sources */,
				024C9A0D2077FA8300227D13 /* Frameworks */,
				024C9A0E2077FA8300227D13 /* Resources */,
			);
			buildRules = (
			);
			dependencies = (
				024C9A122077FA8300227D13 /* PBXTargetDependency */,
			);
			name = ShareatTests;
			productName = SharEatsTests;
			productReference = 024C9A102077FA8300227D13 /* ShareatTests.xctest */;
			productType = "com.apple.product-type.bundle.unit-test";
		};
		024C9A1A2077FA8400227D13 /* ShareatUITests */ = {
			isa = PBXNativeTarget;
			buildConfigurationList = 024C9A2A2077FA8400227D13 /* Build configuration list for PBXNativeTarget "ShareatUITests" */;
			buildPhases = (
				6AAD503161A1CC1F3AE15E75 /* [CP] Check Pods Manifest.lock */,
				024C9A172077FA8400227D13 /* Sources */,
				024C9A182077FA8400227D13 /* Frameworks */,
				024C9A192077FA8400227D13 /* Resources */,
			);
			buildRules = (
			);
			dependencies = (
				024C9A1D2077FA8400227D13 /* PBXTargetDependency */,
			);
			name = ShareatUITests;
			productName = SharEatsUITests;
			productReference = 024C9A1B2077FA8400227D13 /* ShareatUITests.xctest */;
			productType = "com.apple.product-type.bundle.ui-testing";
		};
/* End PBXNativeTarget section */

/* Begin PBXProject section */
		024C99F42077FA8300227D13 /* Project object */ = {
			isa = PBXProject;
			attributes = {
				LastSwiftUpdateCheck = 0920;
				LastUpgradeCheck = 0930;
				ORGANIZATIONNAME = SharEats;
				TargetAttributes = {
					024C99FB2077FA8300227D13 = {
						CreatedOnToolsVersion = 9.2;
						ProvisioningStyle = Automatic;
					};
					024C9A0F2077FA8300227D13 = {
						CreatedOnToolsVersion = 9.2;
						ProvisioningStyle = Automatic;
						TestTargetID = 024C99FB2077FA8300227D13;
					};
					024C9A1A2077FA8400227D13 = {
						CreatedOnToolsVersion = 9.2;
						ProvisioningStyle = Automatic;
						TestTargetID = 024C99FB2077FA8300227D13;
					};
				};
			};
			buildConfigurationList = 024C99F72077FA8300227D13 /* Build configuration list for PBXProject "Shareat" */;
			compatibilityVersion = "Xcode 8.0";
			developmentRegion = en;
			hasScannedForEncodings = 0;
			knownRegions = (
				en,
				Base,
			);
			mainGroup = 024C99F32077FA8300227D13;
			productRefGroup = 024C99FD2077FA8300227D13 /* Products */;
			projectDirPath = "";
			projectRoot = "";
			targets = (
				024C99FB2077FA8300227D13 /* Shareat */,
				024C9A0F2077FA8300227D13 /* ShareatTests */,
				024C9A1A2077FA8400227D13 /* ShareatUITests */,
			);
		};
/* End PBXProject section */

/* Begin PBXResourcesBuildPhase section */
		024C99FA2077FA8300227D13 /* Resources */ = {
			isa = PBXResourcesBuildPhase;
			buildActionMask = 2147483647;
			files = (
				02F2413120891F8900743FFD /* TabBar.storyboard in Resources */,
				024C9A0A2077FA8300227D13 /* LaunchScreen.storyboard in Resources */,
				024C9A072077FA8300227D13 /* Assets.xcassets in Resources */,
				02F241352089200800743FFD /* Menu.storyboard in Resources */,
				02BA1C6020F1ACCA00B8115E /* MenuItemPage.storyboard in Resources */,
				02F2413320891FDE00743FFD /* Search.storyboard in Resources */,
				024C9A052077FA8300227D13 /* Main.storyboard in Resources */,
				02F2413B2089203700743FFD /* Profile.storyboard in Resources */,
				02F241372089201D00743FFD /* Service.storyboard in Resources */,
				02F241392089202800743FFD /* Payment.storyboard in Resources */,
			);
			runOnlyForDeploymentPostprocessing = 0;
		};
		024C9A0E2077FA8300227D13 /* Resources */ = {
			isa = PBXResourcesBuildPhase;
			buildActionMask = 2147483647;
			files = (
			);
			runOnlyForDeploymentPostprocessing = 0;
		};
		024C9A192077FA8400227D13 /* Resources */ = {
			isa = PBXResourcesBuildPhase;
			buildActionMask = 2147483647;
			files = (
			);
			runOnlyForDeploymentPostprocessing = 0;
		};
/* End PBXResourcesBuildPhase section */

/* Begin PBXShellScriptBuildPhase section */
		36BD7ECC45948E9D086388B9 /* [CP] Check Pods Manifest.lock */ = {
			isa = PBXShellScriptBuildPhase;
			buildActionMask = 2147483647;
			files = (
			);
			inputPaths = (
				"${PODS_PODFILE_DIR_PATH}/Podfile.lock",
				"${PODS_ROOT}/Manifest.lock",
			);
			name = "[CP] Check Pods Manifest.lock";
			outputPaths = (
				"$(DERIVED_FILE_DIR)/Pods-SharEats-checkManifestLockResult.txt",
			);
			runOnlyForDeploymentPostprocessing = 0;
			shellPath = /bin/sh;
			shellScript = "diff \"${PODS_PODFILE_DIR_PATH}/Podfile.lock\" \"${PODS_ROOT}/Manifest.lock\" > /dev/null\nif [ $? != 0 ] ; then\n    # print error to STDERR\n    echo \"error: The sandbox is not in sync with the Podfile.lock. Run 'pod install' or update your CocoaPods installation.\" >&2\n    exit 1\nfi\n# This output is used by Xcode 'outputs' to avoid re-running this script phase.\necho \"SUCCESS\" > \"${SCRIPT_OUTPUT_FILE_0}\"\n";
			showEnvVarsInLog = 0;
		};
		4170C97521E8A6425EDA2F70 /* [CP] Check Pods Manifest.lock */ = {
			isa = PBXShellScriptBuildPhase;
			buildActionMask = 2147483647;
			files = (
			);
			inputPaths = (
				"${PODS_PODFILE_DIR_PATH}/Podfile.lock",
				"${PODS_ROOT}/Manifest.lock",
			);
			name = "[CP] Check Pods Manifest.lock";
			outputPaths = (
				"$(DERIVED_FILE_DIR)/Pods-SharEatsTests-checkManifestLockResult.txt",
			);
			runOnlyForDeploymentPostprocessing = 0;
			shellPath = /bin/sh;
			shellScript = "diff \"${PODS_PODFILE_DIR_PATH}/Podfile.lock\" \"${PODS_ROOT}/Manifest.lock\" > /dev/null\nif [ $? != 0 ] ; then\n    # print error to STDERR\n    echo \"error: The sandbox is not in sync with the Podfile.lock. Run 'pod install' or update your CocoaPods installation.\" >&2\n    exit 1\nfi\n# This output is used by Xcode 'outputs' to avoid re-running this script phase.\necho \"SUCCESS\" > \"${SCRIPT_OUTPUT_FILE_0}\"\n";
			showEnvVarsInLog = 0;
		};
		6AAD503161A1CC1F3AE15E75 /* [CP] Check Pods Manifest.lock */ = {
			isa = PBXShellScriptBuildPhase;
			buildActionMask = 2147483647;
			files = (
			);
			inputPaths = (
				"${PODS_PODFILE_DIR_PATH}/Podfile.lock",
				"${PODS_ROOT}/Manifest.lock",
			);
			name = "[CP] Check Pods Manifest.lock";
			outputPaths = (
				"$(DERIVED_FILE_DIR)/Pods-SharEatsUITests-checkManifestLockResult.txt",
			);
			runOnlyForDeploymentPostprocessing = 0;
			shellPath = /bin/sh;
			shellScript = "diff \"${PODS_PODFILE_DIR_PATH}/Podfile.lock\" \"${PODS_ROOT}/Manifest.lock\" > /dev/null\nif [ $? != 0 ] ; then\n    # print error to STDERR\n    echo \"error: The sandbox is not in sync with the Podfile.lock. Run 'pod install' or update your CocoaPods installation.\" >&2\n    exit 1\nfi\n# This output is used by Xcode 'outputs' to avoid re-running this script phase.\necho \"SUCCESS\" > \"${SCRIPT_OUTPUT_FILE_0}\"\n";
			showEnvVarsInLog = 0;
		};
		C63BC6F1608BBB926B28B200 /* [CP] Embed Pods Frameworks */ = {
			isa = PBXShellScriptBuildPhase;
			buildActionMask = 2147483647;
			files = (
			);
			inputPaths = (
				"${SRCROOT}/Pods/Target Support Files/Pods-SharEats/Pods-SharEats-frameworks.sh",
				"${BUILT_PRODUCTS_DIR}/Alamofire/Alamofire.framework",
				"${BUILT_PRODUCTS_DIR}/AlamofireImage/AlamofireImage.framework",
				"${BUILT_PRODUCTS_DIR}/CryptoSwift/CryptoSwift.framework",
				"${BUILT_PRODUCTS_DIR}/PusherSwift/PusherSwift.framework",
				"${BUILT_PRODUCTS_DIR}/QRCodeReader.swift/QRCodeReader.framework",
				"${BUILT_PRODUCTS_DIR}/ReachabilitySwift/Reachability.framework",
				"${BUILT_PRODUCTS_DIR}/SideMenu/SideMenu.framework",
				"${BUILT_PRODUCTS_DIR}/Starscream/Starscream.framework",
				"${BUILT_PRODUCTS_DIR}/Stripe/Stripe.framework",
				"${BUILT_PRODUCTS_DIR}/SwiftyJSON/SwiftyJSON.framework",
				"${BUILT_PRODUCTS_DIR}/TaskQueue/TaskQueue.framework",
			);
			name = "[CP] Embed Pods Frameworks";
			outputPaths = (
				"${TARGET_BUILD_DIR}/${FRAMEWORKS_FOLDER_PATH}/Alamofire.framework",
				"${TARGET_BUILD_DIR}/${FRAMEWORKS_FOLDER_PATH}/AlamofireImage.framework",
				"${TARGET_BUILD_DIR}/${FRAMEWORKS_FOLDER_PATH}/CryptoSwift.framework",
				"${TARGET_BUILD_DIR}/${FRAMEWORKS_FOLDER_PATH}/PusherSwift.framework",
				"${TARGET_BUILD_DIR}/${FRAMEWORKS_FOLDER_PATH}/QRCodeReader.framework",
				"${TARGET_BUILD_DIR}/${FRAMEWORKS_FOLDER_PATH}/Reachability.framework",
				"${TARGET_BUILD_DIR}/${FRAMEWORKS_FOLDER_PATH}/SideMenu.framework",
				"${TARGET_BUILD_DIR}/${FRAMEWORKS_FOLDER_PATH}/Starscream.framework",
				"${TARGET_BUILD_DIR}/${FRAMEWORKS_FOLDER_PATH}/Stripe.framework",
				"${TARGET_BUILD_DIR}/${FRAMEWORKS_FOLDER_PATH}/SwiftyJSON.framework",
				"${TARGET_BUILD_DIR}/${FRAMEWORKS_FOLDER_PATH}/TaskQueue.framework",
			);
			runOnlyForDeploymentPostprocessing = 0;
			shellPath = /bin/sh;
			shellScript = "\"${SRCROOT}/Pods/Target Support Files/Pods-SharEats/Pods-SharEats-frameworks.sh\"\n";
			showEnvVarsInLog = 0;
		};
/* End PBXShellScriptBuildPhase section */

/* Begin PBXSourcesBuildPhase section */
		024C99F82077FA8300227D13 /* Sources */ = {
			isa = PBXSourcesBuildPhase;
			buildActionMask = 2147483647;
			files = (
				A2F9F4AC218858F400C99B13 /* CheckTableViewCell.swift in Sources */,
				A2D02C632148CB7E009BEA95 /* ProfileVC.swift in Sources */,
				A25B49402183084800CD3E1A /* SlideTableViewController.swift in Sources */,
				A2B482DE2185BB7F0069579A /* Order.swift in Sources */,
				02BAFECE20F026E400E991FF /* SignUpVC.swift in Sources */,
				02BD82A120AAE50B00B504D0 /* Restaurant.swift in Sources */,
				A2FA0A2F21E738EA0079B550 /* ConfirmationViewController.swift in Sources */,
				A2B482DC21854BE50069579A /* CheckViewController.swift in Sources */,
				02BAFED020F02E0200E991FF /* Menu.swift in Sources */,
				A2D02C652148E112009BEA95 /* User.swift in Sources */,
				024C9A002077FA8300227D13 /* AppDelegate.swift in Sources */,
				02F2413D2089226F00743FFD /* MainVC.swift in Sources */,
				A2F9DD0621D1115300F66FB7 /* Buyer.swift in Sources */,
				02BA1C6220F1AD7300B8115E /* MenuItemPageVC.swift in Sources */,
				A251A7FF213D1C3700AF1D52 /* RestaurantsVC.swift in Sources */,
				02FD64C521101247003A0C2A /* PaymentVC.swift in Sources */,
				02BCF991211169B80031ACC1 /* StripeAPIClient.swift in Sources */,
				02F0C05520E05A740021922D /* HelperFunctions.swift in Sources */,
				02BA1C5E20F1A79400B8115E /* MenuItemCell.swift in Sources */,
				A2FF5D5721A1053F00CF871C /* PushNoAnimationSegue.swift in Sources */,
				02FD64C721101A31003A0C2A /* MockCustomerContext.swift in Sources */,
				A21843DE214917540095D317 /* RestaurantTableViewCell.swift in Sources */,
				02BD829E20AAE11C00B504D0 /* SearchVC.swift in Sources */,
				02AD0E2D20D5CA3700FC80F1 /* MenuVC.swift in Sources */,
			);
			runOnlyForDeploymentPostprocessing = 0;
		};
		024C9A0C2077FA8300227D13 /* Sources */ = {
			isa = PBXSourcesBuildPhase;
			buildActionMask = 2147483647;
			files = (
				024C9A152077FA8300227D13 /* SharEatsTests.swift in Sources */,
			);
			runOnlyForDeploymentPostprocessing = 0;
		};
		024C9A172077FA8400227D13 /* Sources */ = {
			isa = PBXSourcesBuildPhase;
			buildActionMask = 2147483647;
			files = (
				024C9A202077FA8400227D13 /* SharEatsUITests.swift in Sources */,
			);
			runOnlyForDeploymentPostprocessing = 0;
		};
/* End PBXSourcesBuildPhase section */

/* Begin PBXTargetDependency section */
		024C9A122077FA8300227D13 /* PBXTargetDependency */ = {
			isa = PBXTargetDependency;
			target = 024C99FB2077FA8300227D13 /* Shareat */;
			targetProxy = 024C9A112077FA8300227D13 /* PBXContainerItemProxy */;
		};
		024C9A1D2077FA8400227D13 /* PBXTargetDependency */ = {
			isa = PBXTargetDependency;
			target = 024C99FB2077FA8300227D13 /* Shareat */;
			targetProxy = 024C9A1C2077FA8400227D13 /* PBXContainerItemProxy */;
		};
/* End PBXTargetDependency section */

/* Begin PBXVariantGroup section */
		024C9A032077FA8300227D13 /* Main.storyboard */ = {
			isa = PBXVariantGroup;
			children = (
				024C9A042077FA8300227D13 /* Base */,
			);
			name = Main.storyboard;
			sourceTree = "<group>";
		};
		024C9A082077FA8300227D13 /* LaunchScreen.storyboard */ = {
			isa = PBXVariantGroup;
			children = (
				024C9A092077FA8300227D13 /* Base */,
			);
			name = LaunchScreen.storyboard;
			sourceTree = "<group>";
		};
/* End PBXVariantGroup section */

/* Begin XCBuildConfiguration section */
		024C9A222077FA8400227D13 /* Debug */ = {
			isa = XCBuildConfiguration;
			buildSettings = {
				ALWAYS_SEARCH_USER_PATHS = NO;
				CLANG_ANALYZER_NONNULL = YES;
				CLANG_ANALYZER_NUMBER_OBJECT_CONVERSION = YES_AGGRESSIVE;
				CLANG_CXX_LANGUAGE_STANDARD = "gnu++14";
				CLANG_CXX_LIBRARY = "libc++";
				CLANG_ENABLE_MODULES = YES;
				CLANG_ENABLE_OBJC_ARC = YES;
				CLANG_WARN_BLOCK_CAPTURE_AUTORELEASING = YES;
				CLANG_WARN_BOOL_CONVERSION = YES;
				CLANG_WARN_COMMA = YES;
				CLANG_WARN_CONSTANT_CONVERSION = YES;
				CLANG_WARN_DEPRECATED_OBJC_IMPLEMENTATIONS = YES;
				CLANG_WARN_DIRECT_OBJC_ISA_USAGE = YES_ERROR;
				CLANG_WARN_DOCUMENTATION_COMMENTS = YES;
				CLANG_WARN_EMPTY_BODY = YES;
				CLANG_WARN_ENUM_CONVERSION = YES;
				CLANG_WARN_INFINITE_RECURSION = YES;
				CLANG_WARN_INT_CONVERSION = YES;
				CLANG_WARN_NON_LITERAL_NULL_CONVERSION = YES;
				CLANG_WARN_OBJC_IMPLICIT_RETAIN_SELF = YES;
				CLANG_WARN_OBJC_LITERAL_CONVERSION = YES;
				CLANG_WARN_OBJC_ROOT_CLASS = YES_ERROR;
				CLANG_WARN_RANGE_LOOP_ANALYSIS = YES;
				CLANG_WARN_STRICT_PROTOTYPES = YES;
				CLANG_WARN_SUSPICIOUS_MOVE = YES;
				CLANG_WARN_UNGUARDED_AVAILABILITY = YES_AGGRESSIVE;
				CLANG_WARN_UNREACHABLE_CODE = YES;
				CLANG_WARN__DUPLICATE_METHOD_MATCH = YES;
				CODE_SIGN_IDENTITY = "iPhone Developer";
				COPY_PHASE_STRIP = NO;
				DEBUG_INFORMATION_FORMAT = dwarf;
				ENABLE_STRICT_OBJC_MSGSEND = YES;
				ENABLE_TESTABILITY = YES;
				GCC_C_LANGUAGE_STANDARD = gnu11;
				GCC_DYNAMIC_NO_PIC = NO;
				GCC_NO_COMMON_BLOCKS = YES;
				GCC_OPTIMIZATION_LEVEL = 0;
				GCC_PREPROCESSOR_DEFINITIONS = (
					"DEBUG=1",
					"$(inherited)",
				);
				GCC_WARN_64_TO_32_BIT_CONVERSION = YES;
				GCC_WARN_ABOUT_RETURN_TYPE = YES_ERROR;
				GCC_WARN_UNDECLARED_SELECTOR = YES;
				GCC_WARN_UNINITIALIZED_AUTOS = YES_AGGRESSIVE;
				GCC_WARN_UNUSED_FUNCTION = YES;
				GCC_WARN_UNUSED_VARIABLE = YES;
				IPHONEOS_DEPLOYMENT_TARGET = 11.2;
				MTL_ENABLE_DEBUG_INFO = YES;
				ONLY_ACTIVE_ARCH = YES;
				SDKROOT = iphoneos;
				SWIFT_ACTIVE_COMPILATION_CONDITIONS = DEBUG;
				SWIFT_OPTIMIZATION_LEVEL = "-Onone";
			};
			name = Debug;
		};
		024C9A232077FA8400227D13 /* Release */ = {
			isa = XCBuildConfiguration;
			buildSettings = {
				ALWAYS_SEARCH_USER_PATHS = NO;
				CLANG_ANALYZER_NONNULL = YES;
				CLANG_ANALYZER_NUMBER_OBJECT_CONVERSION = YES_AGGRESSIVE;
				CLANG_CXX_LANGUAGE_STANDARD = "gnu++14";
				CLANG_CXX_LIBRARY = "libc++";
				CLANG_ENABLE_MODULES = YES;
				CLANG_ENABLE_OBJC_ARC = YES;
				CLANG_WARN_BLOCK_CAPTURE_AUTORELEASING = YES;
				CLANG_WARN_BOOL_CONVERSION = YES;
				CLANG_WARN_COMMA = YES;
				CLANG_WARN_CONSTANT_CONVERSION = YES;
				CLANG_WARN_DEPRECATED_OBJC_IMPLEMENTATIONS = YES;
				CLANG_WARN_DIRECT_OBJC_ISA_USAGE = YES_ERROR;
				CLANG_WARN_DOCUMENTATION_COMMENTS = YES;
				CLANG_WARN_EMPTY_BODY = YES;
				CLANG_WARN_ENUM_CONVERSION = YES;
				CLANG_WARN_INFINITE_RECURSION = YES;
				CLANG_WARN_INT_CONVERSION = YES;
				CLANG_WARN_NON_LITERAL_NULL_CONVERSION = YES;
				CLANG_WARN_OBJC_IMPLICIT_RETAIN_SELF = YES;
				CLANG_WARN_OBJC_LITERAL_CONVERSION = YES;
				CLANG_WARN_OBJC_ROOT_CLASS = YES_ERROR;
				CLANG_WARN_RANGE_LOOP_ANALYSIS = YES;
				CLANG_WARN_STRICT_PROTOTYPES = YES;
				CLANG_WARN_SUSPICIOUS_MOVE = YES;
				CLANG_WARN_UNGUARDED_AVAILABILITY = YES_AGGRESSIVE;
				CLANG_WARN_UNREACHABLE_CODE = YES;
				CLANG_WARN__DUPLICATE_METHOD_MATCH = YES;
				CODE_SIGN_IDENTITY = "iPhone Developer";
				COPY_PHASE_STRIP = NO;
				DEBUG_INFORMATION_FORMAT = "dwarf-with-dsym";
				ENABLE_NS_ASSERTIONS = NO;
				ENABLE_STRICT_OBJC_MSGSEND = YES;
				GCC_C_LANGUAGE_STANDARD = gnu11;
				GCC_NO_COMMON_BLOCKS = YES;
				GCC_WARN_64_TO_32_BIT_CONVERSION = YES;
				GCC_WARN_ABOUT_RETURN_TYPE = YES_ERROR;
				GCC_WARN_UNDECLARED_SELECTOR = YES;
				GCC_WARN_UNINITIALIZED_AUTOS = YES_AGGRESSIVE;
				GCC_WARN_UNUSED_FUNCTION = YES;
				GCC_WARN_UNUSED_VARIABLE = YES;
				IPHONEOS_DEPLOYMENT_TARGET = 11.2;
				MTL_ENABLE_DEBUG_INFO = NO;
				SDKROOT = iphoneos;
				SWIFT_OPTIMIZATION_LEVEL = "-Owholemodule";
				VALIDATE_PRODUCT = YES;
			};
			name = Release;
		};
		024C9A252077FA8400227D13 /* Debug */ = {
			isa = XCBuildConfiguration;
			baseConfigurationReference = 123D9C7432249D547F78226D /* Pods-SharEats.debug.xcconfig */;
			buildSettings = {
				ASSETCATALOG_COMPILER_APPICON_NAME = AppIcon;
				CODE_SIGN_STYLE = Automatic;
				DEVELOPMENT_TEAM = E6654C355Q;
				INFOPLIST_FILE = SharEats/Info.plist;
				LD_RUNPATH_SEARCH_PATHS = "$(inherited) @executable_path/Frameworks";
				PRODUCT_BUNDLE_IDENTIFIER = chang.shareats.frontend.SharEats;
				PRODUCT_NAME = "$(TARGET_NAME)";
				SWIFT_VERSION = 4.0;
				TARGETED_DEVICE_FAMILY = "1,2";
			};
			name = Debug;
		};
		024C9A262077FA8400227D13 /* Release */ = {
			isa = XCBuildConfiguration;
			baseConfigurationReference = 12F4DECCEC4D860ABA669ACA /* Pods-SharEats.release.xcconfig */;
			buildSettings = {
				ASSETCATALOG_COMPILER_APPICON_NAME = AppIcon;
				CODE_SIGN_STYLE = Automatic;
				DEVELOPMENT_TEAM = E6654C355Q;
				INFOPLIST_FILE = SharEats/Info.plist;
				LD_RUNPATH_SEARCH_PATHS = "$(inherited) @executable_path/Frameworks";
				PRODUCT_BUNDLE_IDENTIFIER = chang.shareats.frontend.SharEats;
				PRODUCT_NAME = "$(TARGET_NAME)";
				SWIFT_VERSION = 4.0;
				TARGETED_DEVICE_FAMILY = "1,2";
			};
			name = Release;
		};
		024C9A282077FA8400227D13 /* Debug */ = {
			isa = XCBuildConfiguration;
			baseConfigurationReference = 1E7400B8BCCD9B2B2D447E05 /* Pods-SharEatsTests.debug.xcconfig */;
			buildSettings = {
				ALWAYS_EMBED_SWIFT_STANDARD_LIBRARIES = YES;
				BUNDLE_LOADER = "$(TEST_HOST)";
				CODE_SIGN_STYLE = Automatic;
				INFOPLIST_FILE = SharEatsTests/Info.plist;
				LD_RUNPATH_SEARCH_PATHS = "$(inherited) @executable_path/Frameworks @loader_path/Frameworks";
				PRODUCT_BUNDLE_IDENTIFIER = com.shareats.frontend.SharEatsTests;
				PRODUCT_NAME = "$(TARGET_NAME)";
				SWIFT_VERSION = 4.0;
				TARGETED_DEVICE_FAMILY = "1,2";
				TEST_HOST = "$(BUILT_PRODUCTS_DIR)/Shareat.app/Shareat";
			};
			name = Debug;
		};
		024C9A292077FA8400227D13 /* Release */ = {
			isa = XCBuildConfiguration;
			baseConfigurationReference = FFEF2C235693467FCC8D6E1B /* Pods-SharEatsTests.release.xcconfig */;
			buildSettings = {
				ALWAYS_EMBED_SWIFT_STANDARD_LIBRARIES = YES;
				BUNDLE_LOADER = "$(TEST_HOST)";
				CODE_SIGN_STYLE = Automatic;
				INFOPLIST_FILE = SharEatsTests/Info.plist;
				LD_RUNPATH_SEARCH_PATHS = "$(inherited) @executable_path/Frameworks @loader_path/Frameworks";
				PRODUCT_BUNDLE_IDENTIFIER = com.shareats.frontend.SharEatsTests;
				PRODUCT_NAME = "$(TARGET_NAME)";
				SWIFT_VERSION = 4.0;
				TARGETED_DEVICE_FAMILY = "1,2";
				TEST_HOST = "$(BUILT_PRODUCTS_DIR)/Shareat.app/Shareat";
			};
			name = Release;
		};
		024C9A2B2077FA8400227D13 /* Debug */ = {
			isa = XCBuildConfiguration;
			baseConfigurationReference = F48FEFBA4169CA49C58F650D /* Pods-SharEatsUITests.debug.xcconfig */;
			buildSettings = {
				ALWAYS_EMBED_SWIFT_STANDARD_LIBRARIES = YES;
				CODE_SIGN_STYLE = Automatic;
				INFOPLIST_FILE = SharEatsUITests/Info.plist;
				LD_RUNPATH_SEARCH_PATHS = "$(inherited) @executable_path/Frameworks @loader_path/Frameworks";
				PRODUCT_BUNDLE_IDENTIFIER = com.shareats.frontend.SharEatsUITests;
				PRODUCT_NAME = "$(TARGET_NAME)";
				SWIFT_VERSION = 4.0;
				TARGETED_DEVICE_FAMILY = "1,2";
				TEST_TARGET_NAME = SharEats;
			};
			name = Debug;
		};
		024C9A2C2077FA8400227D13 /* Release */ = {
			isa = XCBuildConfiguration;
			baseConfigurationReference = D8E9450481EB5AB2E90E1151 /* Pods-SharEatsUITests.release.xcconfig */;
			buildSettings = {
				ALWAYS_EMBED_SWIFT_STANDARD_LIBRARIES = YES;
				CODE_SIGN_STYLE = Automatic;
				INFOPLIST_FILE = SharEatsUITests/Info.plist;
				LD_RUNPATH_SEARCH_PATHS = "$(inherited) @executable_path/Frameworks @loader_path/Frameworks";
				PRODUCT_BUNDLE_IDENTIFIER = com.shareats.frontend.SharEatsUITests;
				PRODUCT_NAME = "$(TARGET_NAME)";
				SWIFT_VERSION = 4.0;
				TARGETED_DEVICE_FAMILY = "1,2";
				TEST_TARGET_NAME = SharEats;
			};
			name = Release;
		};
/* End XCBuildConfiguration section */

/* Begin XCConfigurationList section */
		024C99F72077FA8300227D13 /* Build configuration list for PBXProject "Shareat" */ = {
			isa = XCConfigurationList;
			buildConfigurations = (
				024C9A222077FA8400227D13 /* Debug */,
				024C9A232077FA8400227D13 /* Release */,
			);
			defaultConfigurationIsVisible = 0;
			defaultConfigurationName = Release;
		};
		024C9A242077FA8400227D13 /* Build configuration list for PBXNativeTarget "Shareat" */ = {
			isa = XCConfigurationList;
			buildConfigurations = (
				024C9A252077FA8400227D13 /* Debug */,
				024C9A262077FA8400227D13 /* Release */,
			);
			defaultConfigurationIsVisible = 0;
			defaultConfigurationName = Release;
		};
		024C9A272077FA8400227D13 /* Build configuration list for PBXNativeTarget "ShareatTests" */ = {
			isa = XCConfigurationList;
			buildConfigurations = (
				024C9A282077FA8400227D13 /* Debug */,
				024C9A292077FA8400227D13 /* Release */,
			);
			defaultConfigurationIsVisible = 0;
			defaultConfigurationName = Release;
		};
		024C9A2A2077FA8400227D13 /* Build configuration list for PBXNativeTarget "ShareatUITests" */ = {
			isa = XCConfigurationList;
			buildConfigurations = (
				024C9A2B2077FA8400227D13 /* Debug */,
				024C9A2C2077FA8400227D13 /* Release */,
			);
			defaultConfigurationIsVisible = 0;
			defaultConfigurationName = Release;
		};
/* End XCConfigurationList section */
	};
	rootObject = 024C99F42077FA8300227D13 /* Project object */;
}
